
Microsoft Visual Studio Solution File, Format Version 12.00
# Visual Studio Version 17
VisualStudioVersion = 17.12.35707.178 d17.12
MinimumVisualStudioVersion = 10.0.40219.1
Project("{2150E333-8FDC-42A3-9474-1A3956D46DE8}") = "src", "src", "{9976B503-53DB-40B1-BE6F-8FFE83D1ED19}"
EndProject
Project("{FAE04EC0-301F-11D3-BF4B-00C04F79EFBC}") = "Client", "Client\Client.csproj", "{3C4C30BA-5F15-4130-8969-07E17B02E021}"
EndProject
Project("{FAE04EC0-301F-11D3-BF4B-00C04F79EFBC}") = "Server", "Server\Server.csproj", "{E07A8B68-B2E2-403D-9DAB-7566C7D4DDD0}"
EndProject
Global
	GlobalSection(SolutionConfigurationPlatforms) = preSolution
		Debug|Any CPU = Debug|Any CPU
		Release|Any CPU = Release|Any CPU
	EndGlobalSection
	GlobalSection(ProjectConfigurationPlatforms) = postSolution
		{3C4C30BA-5F15-4130-8969-07E17B02E021}.Debug|Any CPU.ActiveCfg = Debug|Any CPU
		{3C4C30BA-5F15-4130-8969-07E17B02E021}.Debug|Any CPU.Build.0 = Debug|Any CPU
		{3C4C30BA-5F15-4130-8969-07E17B02E021}.Release|Any CPU.ActiveCfg = Release|Any CPU
		{3C4C30BA-5F15-4130-8969-07E17B02E021}.Release|Any CPU.Build.0 = Release|Any CPU
		{E07A8B68-B2E2-403D-9DAB-7566C7D4DDD0}.Debug|Any CPU.ActiveCfg = Debug|Any CPU
		{E07A8B68-B2E2-403D-9DAB-7566C7D4DDD0}.Debug|Any CPU.Build.0 = Debug|Any CPU
		{E07A8B68-B2E2-403D-9DAB-7566C7D4DDD0}.Release|Any CPU.ActiveCfg = Release|Any CPU
		{E07A8B68-B2E2-403D-9DAB-7566C7D4DDD0}.Release|Any CPU.Build.0 = Release|Any CPU
	EndGlobalSection
	GlobalSection(SolutionProperties) = preSolution
		HideSolutionNode = FALSE
	EndGlobalSection
	GlobalSection(NestedProjects) = preSolution
		{3C4C30BA-5F15-4130-8969-07E17B02E021} = {9976B503-53DB-40B1-BE6F-8FFE83D1ED19}
		{E07A8B68-B2E2-403D-9DAB-7566C7D4DDD0} = {9976B503-53DB-40B1-BE6F-8FFE83D1ED19}
	EndGlobalSection
EndGlobal
